// !$*UTF8*$!
{
	archiveVersion = 1;
	classes = {
	};
	objectVersion = 46;
	objects = {

/* Begin PBXBuildFile section */
		CE7D9DF01C9148BC00F43D1B /* Default-568h@2x.png in Resources */ = {isa = PBXBuildFile; fileRef = CE7D9DEF1C9148BC00F43D1B /* Default-568h@2x.png */; };
		CECCF0291C91F9EC000C12FD /* BZAnimation.m in Sources */ = {isa = PBXBuildFile; fileRef = CECCEFFD1C91F9EC000C12FD /* BZAnimation.m */; };
		CECCF02A1C91F9EC000C12FD /* BZExtensionsManager.m in Sources */ = {isa = PBXBuildFile; fileRef = CECCEFFF1C91F9EC000C12FD /* BZExtensionsManager.m */; };
		CECCF02B1C91F9EC000C12FD /* BZPageView.m in Sources */ = {isa = PBXBuildFile; fileRef = CECCF0011C91F9EC000C12FD /* BZPageView.m */; };
		CECCF02C1C91F9EC000C12FD /* BZURLSession.m in Sources */ = {isa = PBXBuildFile; fileRef = CECCF0031C91F9EC000C12FD /* BZURLSession.m */; };
		CECCF02E1C91F9EC000C12FD /* NSArray+BZExtensions.m in Sources */ = {isa = PBXBuildFile; fileRef = CECCF0091C91F9EC000C12FD /* NSArray+BZExtensions.m */; };
		CECCF02F1C91F9EC000C12FD /* NSDictionary+BZExtensions.m in Sources */ = {isa = PBXBuildFile; fileRef = CECCF00B1C91F9EC000C12FD /* NSDictionary+BZExtensions.m */; };
		CECCF0301C91F9EC000C12FD /* NSObject+BZExtensions.m in Sources */ = {isa = PBXBuildFile; fileRef = CECCF00D1C91F9EC000C12FD /* NSObject+BZExtensions.m */; };
		CECCF0311C91F9EC000C12FD /* Reachability.m in Sources */ = {isa = PBXBuildFile; fileRef = CECCF00F1C91F9EC000C12FD /* Reachability.m */; };
		CECCF0321C91F9EC000C12FD /* SMPageControl.m in Sources */ = {isa = PBXBuildFile; fileRef = CECCF0111C91F9EC000C12FD /* SMPageControl.m */; };
		CECCF0331C91F9EC000C12FD /* UIColor+BZExtensions.m in Sources */ = {isa = PBXBuildFile; fileRef = CECCF0131C91F9EC000C12FD /* UIColor+BZExtensions.m */; };
		CECCF0341C91F9EC000C12FD /* UIImage+BZExtensions.m in Sources */ = {isa = PBXBuildFile; fileRef = CECCF0151C91F9EC000C12FD /* UIImage+BZExtensions.m */; };
		CECCF0351C91F9EC000C12FD /* UIView+BZExtensions.m in Sources */ = {isa = PBXBuildFile; fileRef = CECCF0171C91F9EC000C12FD /* UIView+BZExtensions.m */; };
		CECCF0361C91F9EC000C12FD /* RepositoriesCell.m in Sources */ = {isa = PBXBuildFile; fileRef = CECCF01A1C91F9EC000C12FD /* RepositoriesCell.m */; };
		CECCF0371C91F9EC000C12FD /* SubscriberCell.m in Sources */ = {isa = PBXBuildFile; fileRef = CECCF01C1C91F9EC000C12FD /* SubscriberCell.m */; };
		CECCF0381C91F9EC000C12FD /* MainVC.m in Sources */ = {isa = PBXBuildFile; fileRef = CECCF01F1C91F9EC000C12FD /* MainVC.m */; };
		CECCF0391C91F9EC000C12FD /* SubscribersVC.m in Sources */ = {isa = PBXBuildFile; fileRef = CECCF0211C91F9EC000C12FD /* SubscribersVC.m */; };
		CECCF03A1C91F9EC000C12FD /* Repository.m in Sources */ = {isa = PBXBuildFile; fileRef = CECCF0241C91F9EC000C12FD /* Repository.m */; };
		CECCF03B1C91F9EC000C12FD /* Subscriber.m in Sources */ = {isa = PBXBuildFile; fileRef = CECCF0261C91F9EC000C12FD /* Subscriber.m */; };
		CECCF03C1C91F9EC000C12FD /* UserService.m in Sources */ = {isa = PBXBuildFile; fileRef = CECCF0281C91F9EC000C12FD /* UserService.m */; };
		CEEFB0241C90C7940000CA93 /* main.m in Sources */ = {isa = PBXBuildFile; fileRef = CEEFB0231C90C7940000CA93 /* main.m */; };
		CEEFB0301C90C7940000CA93 /* GithubClient.xcdatamodeld in Sources */ = {isa = PBXBuildFile; fileRef = CEEFB02E1C90C7940000CA93 /* GithubClient.xcdatamodeld */; };
		CEEFB0321C90C7940000CA93 /* Assets.xcassets in Resources */ = {isa = PBXBuildFile; fileRef = CEEFB0311C90C7940000CA93 /* Assets.xcassets */; };
		CEEFB0401C90C7950000CA93 /* GithubClientTests.m in Sources */ = {isa = PBXBuildFile; fileRef = CEEFB03F1C90C7950000CA93 /* GithubClientTests.m */; };
		CEEFB04B1C90C7950000CA93 /* GithubClientUITests.m in Sources */ = {isa = PBXBuildFile; fileRef = CEEFB04A1C90C7950000CA93 /* GithubClientUITests.m */; };
		CEEFB0911C90C8EA0000CA93 /* AppDelegate.m in Sources */ = {isa = PBXBuildFile; fileRef = CEEFB0591C90C8EA0000CA93 /* AppDelegate.m */; };
		CEEFB0A41C90C8EA0000CA93 /* backArrow@1x.png in Resources */ = {isa = PBXBuildFile; fileRef = CEEFB0841C90C8EA0000CA93 /* backArrow@1x.png */; };
		CEEFB0A51C90C8EA0000CA93 /* backArrow@2x.png in Resources */ = {isa = PBXBuildFile; fileRef = CEEFB0851C90C8EA0000CA93 /* backArrow@2x.png */; };
		CEEFB0A61C90C8EA0000CA93 /* github_fork@1x.png in Resources */ = {isa = PBXBuildFile; fileRef = CEEFB0861C90C8EA0000CA93 /* github_fork@1x.png */; };
		CEEFB0A71C90C8EA0000CA93 /* github_fork@2x.png in Resources */ = {isa = PBXBuildFile; fileRef = CEEFB0871C90C8EA0000CA93 /* github_fork@2x.png */; };
		CEEFB0A81C90C8EA0000CA93 /* github_icon@1x.png in Resources */ = {isa = PBXBuildFile; fileRef = CEEFB0881C90C8EA0000CA93 /* github_icon@1x.png */; };
		CEEFB0A91C90C8EA0000CA93 /* github_icon@2x.png in Resources */ = {isa = PBXBuildFile; fileRef = CEEFB0891C90C8EA0000CA93 /* github_icon@2x.png */; };
/* End PBXBuildFile section */

/* Begin PBXContainerItemProxy section */
		CEEFB03C1C90C7950000CA93 /* PBXContainerItemProxy */ = {
			isa = PBXContainerItemProxy;
			containerPortal = CEEFB0171C90C7940000CA93 /* Project object */;
			proxyType = 1;
			remoteGlobalIDString = CEEFB01E1C90C7940000CA93;
			remoteInfo = GithubClient;
		};
		CEEFB0471C90C7950000CA93 /* PBXContainerItemProxy */ = {
			isa = PBXContainerItemProxy;
			containerPortal = CEEFB0171C90C7940000CA93 /* Project object */;
			proxyType = 1;
			remoteGlobalIDString = CEEFB01E1C90C7940000CA93;
			remoteInfo = GithubClient;
		};
/* End PBXContainerItemProxy section */

/* Begin PBXFileReference section */
		CE7D9DEF1C9148BC00F43D1B /* Default-568h@2x.png */ = {isa = PBXFileReference; lastKnownFileType = image.png; path = "Default-568h@2x.png"; sourceTree = "<group>"; };
		CECCEFFC1C91F9EC000C12FD /* BZAnimation.h */ = {isa = PBXFileReference; fileEncoding = 4; lastKnownFileType = sourcecode.c.h; path = BZAnimation.h; sourceTree = "<group>"; };
		CECCEFFD1C91F9EC000C12FD /* BZAnimation.m */ = {isa = PBXFileReference; fileEncoding = 4; lastKnownFileType = sourcecode.c.objc; path = BZAnimation.m; sourceTree = "<group>"; };
		CECCEFFE1C91F9EC000C12FD /* BZExtensionsManager.h */ = {isa = PBXFileReference; fileEncoding = 4; lastKnownFileType = sourcecode.c.h; path = BZExtensionsManager.h; sourceTree = "<group>"; };
		CECCEFFF1C91F9EC000C12FD /* BZExtensionsManager.m */ = {isa = PBXFileReference; fileEncoding = 4; lastKnownFileType = sourcecode.c.objc; path = BZExtensionsManager.m; sourceTree = "<group>"; };
		CECCF0001C91F9EC000C12FD /* BZPageView.h */ = {isa = PBXFileReference; fileEncoding = 4; lastKnownFileType = sourcecode.c.h; path = BZPageView.h; sourceTree = "<group>"; };
		CECCF0011C91F9EC000C12FD /* BZPageView.m */ = {isa = PBXFileReference; fileEncoding = 4; lastKnownFileType = sourcecode.c.objc; path = BZPageView.m; sourceTree = "<group>"; };
		CECCF0021C91F9EC000C12FD /* BZURLSession.h */ = {isa = PBXFileReference; fileEncoding = 4; lastKnownFileType = sourcecode.c.h; path = BZURLSession.h; sourceTree = "<group>"; };
		CECCF0031C91F9EC000C12FD /* BZURLSession.m */ = {isa = PBXFileReference; fileEncoding = 4; lastKnownFileType = sourcecode.c.objc; path = BZURLSession.m; sourceTree = "<group>"; };
		CECCF0081C91F9EC000C12FD /* NSArray+BZExtensions.h */ = {isa = PBXFileReference; fileEncoding = 4; lastKnownFileType = sourcecode.c.h; path = "NSArray+BZExtensions.h"; sourceTree = "<group>"; };
		CECCF0091C91F9EC000C12FD /* NSArray+BZExtensions.m */ = {isa = PBXFileReference; fileEncoding = 4; lastKnownFileType = sourcecode.c.objc; path = "NSArray+BZExtensions.m"; sourceTree = "<group>"; };
		CECCF00A1C91F9EC000C12FD /* NSDictionary+BZExtensions.h */ = {isa = PBXFileReference; fileEncoding = 4; lastKnownFileType = sourcecode.c.h; path = "NSDictionary+BZExtensions.h"; sourceTree = "<group>"; };
		CECCF00B1C91F9EC000C12FD /* NSDictionary+BZExtensions.m */ = {isa = PBXFileReference; fileEncoding = 4; lastKnownFileType = sourcecode.c.objc; path = "NSDictionary+BZExtensions.m"; sourceTree = "<group>"; };
		CECCF00C1C91F9EC000C12FD /* NSObject+BZExtensions.h */ = {isa = PBXFileReference; fileEncoding = 4; lastKnownFileType = sourcecode.c.h; path = "NSObject+BZExtensions.h"; sourceTree = "<group>"; };
		CECCF00D1C91F9EC000C12FD /* NSObject+BZExtensions.m */ = {isa = PBXFileReference; fileEncoding = 4; lastKnownFileType = sourcecode.c.objc; path = "NSObject+BZExtensions.m"; sourceTree = "<group>"; };
		CECCF00E1C91F9EC000C12FD /* Reachability.h */ = {isa = PBXFileReference; fileEncoding = 4; lastKnownFileType = sourcecode.c.h; path = Reachability.h; sourceTree = "<group>"; };
		CECCF00F1C91F9EC000C12FD /* Reachability.m */ = {isa = PBXFileReference; fileEncoding = 4; lastKnownFileType = sourcecode.c.objc; path = Reachability.m; sourceTree = "<group>"; };
		CECCF0101C91F9EC000C12FD /* SMPageControl.h */ = {isa = PBXFileReference; fileEncoding = 4; lastKnownFileType = sourcecode.c.h; path = SMPageControl.h; sourceTree = "<group>"; };
		CECCF0111C91F9EC000C12FD /* SMPageControl.m */ = {isa = PBXFileReference; fileEncoding = 4; lastKnownFileType = sourcecode.c.objc; path = SMPageControl.m; sourceTree = "<group>"; };
		CECCF0121C91F9EC000C12FD /* UIColor+BZExtensions.h */ = {isa = PBXFileReference; fileEncoding = 4; lastKnownFileType = sourcecode.c.h; path = "UIColor+BZExtensions.h"; sourceTree = "<group>"; };
		CECCF0131C91F9EC000C12FD /* UIColor+BZExtensions.m */ = {isa = PBXFileReference; fileEncoding = 4; lastKnownFileType = sourcecode.c.objc; path = "UIColor+BZExtensions.m"; sourceTree = "<group>"; };
		CECCF0141C91F9EC000C12FD /* UIImage+BZExtensions.h */ = {isa = PBXFileReference; fileEncoding = 4; lastKnownFileType = sourcecode.c.h; path = "UIImage+BZExtensions.h"; sourceTree = "<group>"; };
		CECCF0151C91F9EC000C12FD /* UIImage+BZExtensions.m */ = {isa = PBXFileReference; fileEncoding = 4; lastKnownFileType = sourcecode.c.objc; path = "UIImage+BZExtensions.m"; sourceTree = "<group>"; };
		CECCF0161C91F9EC000C12FD /* UIView+BZExtensions.h */ = {isa = PBXFileReference; fileEncoding = 4; lastKnownFileType = sourcecode.c.h; path = "UIView+BZExtensions.h"; sourceTree = "<group>"; };
		CECCF0171C91F9EC000C12FD /* UIView+BZExtensions.m */ = {isa = PBXFileReference; fileEncoding = 4; lastKnownFileType = sourcecode.c.objc; path = "UIView+BZExtensions.m"; sourceTree = "<group>"; };
		CECCF0191C91F9EC000C12FD /* RepositoriesCell.h */ = {isa = PBXFileReference; fileEncoding = 4; lastKnownFileType = sourcecode.c.h; path = RepositoriesCell.h; sourceTree = "<group>"; };
		CECCF01A1C91F9EC000C12FD /* RepositoriesCell.m */ = {isa = PBXFileReference; fileEncoding = 4; lastKnownFileType = sourcecode.c.objc; path = RepositoriesCell.m; sourceTree = "<group>"; };
		CECCF01B1C91F9EC000C12FD /* SubscriberCell.h */ = {isa = PBXFileReference; fileEncoding = 4; lastKnownFileType = sourcecode.c.h; path = SubscriberCell.h; sourceTree = "<group>"; };
		CECCF01C1C91F9EC000C12FD /* SubscriberCell.m */ = {isa = PBXFileReference; fileEncoding = 4; lastKnownFileType = sourcecode.c.objc; path = SubscriberCell.m; sourceTree = "<group>"; };
		CECCF01E1C91F9EC000C12FD /* MainVC.h */ = {isa = PBXFileReference; fileEncoding = 4; lastKnownFileType = sourcecode.c.h; path = MainVC.h; sourceTree = "<group>"; };
		CECCF01F1C91F9EC000C12FD /* MainVC.m */ = {isa = PBXFileReference; fileEncoding = 4; lastKnownFileType = sourcecode.c.objc; path = MainVC.m; sourceTree = "<group>"; };
		CECCF0201C91F9EC000C12FD /* SubscribersVC.h */ = {isa = PBXFileReference; fileEncoding = 4; lastKnownFileType = sourcecode.c.h; path = SubscribersVC.h; sourceTree = "<group>"; };
		CECCF0211C91F9EC000C12FD /* SubscribersVC.m */ = {isa = PBXFileReference; fileEncoding = 4; lastKnownFileType = sourcecode.c.objc; path = SubscribersVC.m; sourceTree = "<group>"; };
		CECCF0231C91F9EC000C12FD /* Repository.h */ = {isa = PBXFileReference; fileEncoding = 4; lastKnownFileType = sourcecode.c.h; path = Repository.h; sourceTree = "<group>"; };
		CECCF0241C91F9EC000C12FD /* Repository.m */ = {isa = PBXFileReference; fileEncoding = 4; lastKnownFileType = sourcecode.c.objc; path = Repository.m; sourceTree = "<group>"; };
		CECCF0251C91F9EC000C12FD /* Subscriber.h */ = {isa = PBXFileReference; fileEncoding = 4; lastKnownFileType = sourcecode.c.h; path = Subscriber.h; sourceTree = "<group>"; };
		CECCF0261C91F9EC000C12FD /* Subscriber.m */ = {isa = PBXFileReference; fileEncoding = 4; lastKnownFileType = sourcecode.c.objc; path = Subscriber.m; sourceTree = "<group>"; };
		CECCF0271C91F9EC000C12FD /* UserService.h */ = {isa = PBXFileReference; fileEncoding = 4; lastKnownFileType = sourcecode.c.h; path = UserService.h; sourceTree = "<group>"; };
		CECCF0281C91F9EC000C12FD /* UserService.m */ = {isa = PBXFileReference; fileEncoding = 4; lastKnownFileType = sourcecode.c.objc; path = UserService.m; sourceTree = "<group>"; };
		CECCF0421C920C36000C12FD /* BZScope.h */ = {isa = PBXFileReference; lastKnownFileType = sourcecode.c.h; path = BZScope.h; sourceTree = "<group>"; };
		CEEFB01F1C90C7940000CA93 /* GithubClient.app */ = {isa = PBXFileReference; explicitFileType = wrapper.application; includeInIndex = 0; path = GithubClient.app; sourceTree = BUILT_PRODUCTS_DIR; };
		CEEFB0231C90C7940000CA93 /* main.m */ = {isa = PBXFileReference; lastKnownFileType = sourcecode.c.objc; path = main.m; sourceTree = "<group>"; };
		CEEFB02F1C90C7940000CA93 /* GithubClient.xcdatamodel */ = {isa = PBXFileReference; lastKnownFileType = wrapper.xcdatamodel; path = GithubClient.xcdatamodel; sourceTree = "<group>"; };
		CEEFB0311C90C7940000CA93 /* Assets.xcassets */ = {isa = PBXFileReference; lastKnownFileType = folder.assetcatalog; path = Assets.xcassets; sourceTree = "<group>"; };
		CEEFB0361C90C7940000CA93 /* Info.plist */ = {isa = PBXFileReference; lastKnownFileType = text.plist.xml; path = Info.plist; sourceTree = "<group>"; };
		CEEFB03B1C90C7950000CA93 /* GithubClientTests.xctest */ = {isa = PBXFileReference; explicitFileType = wrapper.cfbundle; includeInIndex = 0; path = GithubClientTests.xctest; sourceTree = BUILT_PRODUCTS_DIR; };
		CEEFB03F1C90C7950000CA93 /* GithubClientTests.m */ = {isa = PBXFileReference; lastKnownFileType = sourcecode.c.objc; path = GithubClientTests.m; sourceTree = "<group>"; };
		CEEFB0411C90C7950000CA93 /* Info.plist */ = {isa = PBXFileReference; lastKnownFileType = text.plist.xml; path = Info.plist; sourceTree = "<group>"; };
		CEEFB0461C90C7950000CA93 /* GithubClientUITests.xctest */ = {isa = PBXFileReference; explicitFileType = wrapper.cfbundle; includeInIndex = 0; path = GithubClientUITests.xctest; sourceTree = BUILT_PRODUCTS_DIR; };
		CEEFB04A1C90C7950000CA93 /* GithubClientUITests.m */ = {isa = PBXFileReference; lastKnownFileType = sourcecode.c.objc; path = GithubClientUITests.m; sourceTree = "<group>"; };
		CEEFB04C1C90C7950000CA93 /* Info.plist */ = {isa = PBXFileReference; lastKnownFileType = text.plist.xml; path = Info.plist; sourceTree = "<group>"; };
		CEEFB0581C90C8EA0000CA93 /* AppDelegate.h */ = {isa = PBXFileReference; fileEncoding = 4; lastKnownFileType = sourcecode.c.h; path = AppDelegate.h; sourceTree = "<group>"; };
		CEEFB0591C90C8EA0000CA93 /* AppDelegate.m */ = {isa = PBXFileReference; fileEncoding = 4; lastKnownFileType = sourcecode.c.objc; path = AppDelegate.m; sourceTree = "<group>"; };
		CEEFB0841C90C8EA0000CA93 /* backArrow@1x.png */ = {isa = PBXFileReference; lastKnownFileType = image.png; path = "backArrow@1x.png"; sourceTree = "<group>"; };
		CEEFB0851C90C8EA0000CA93 /* backArrow@2x.png */ = {isa = PBXFileReference; lastKnownFileType = image.png; path = "backArrow@2x.png"; sourceTree = "<group>"; };
		CEEFB0861C90C8EA0000CA93 /* github_fork@1x.png */ = {isa = PBXFileReference; lastKnownFileType = image.png; path = "github_fork@1x.png"; sourceTree = "<group>"; };
		CEEFB0871C90C8EA0000CA93 /* github_fork@2x.png */ = {isa = PBXFileReference; lastKnownFileType = image.png; path = "github_fork@2x.png"; sourceTree = "<group>"; };
		CEEFB0881C90C8EA0000CA93 /* github_icon@1x.png */ = {isa = PBXFileReference; lastKnownFileType = image.png; path = "github_icon@1x.png"; sourceTree = "<group>"; };
		CEEFB0891C90C8EA0000CA93 /* github_icon@2x.png */ = {isa = PBXFileReference; lastKnownFileType = image.png; path = "github_icon@2x.png"; sourceTree = "<group>"; };
/* End PBXFileReference section */

/* Begin PBXFrameworksBuildPhase section */
		CEEFB01C1C90C7940000CA93 /* Frameworks */ = {
			isa = PBXFrameworksBuildPhase;
			buildActionMask = 2147483647;
			files = (
			);
			runOnlyForDeploymentPostprocessing = 0;
		};
		CEEFB0381C90C7950000CA93 /* Frameworks */ = {
			isa = PBXFrameworksBuildPhase;
			buildActionMask = 2147483647;
			files = (
			);
			runOnlyForDeploymentPostprocessing = 0;
		};
		CEEFB0431C90C7950000CA93 /* Frameworks */ = {
			isa = PBXFrameworksBuildPhase;
			buildActionMask = 2147483647;
			files = (
			);
			runOnlyForDeploymentPostprocessing = 0;
		};
/* End PBXFrameworksBuildPhase section */

/* Begin PBXGroup section */
		CECCEFFB1C91F9EC000C12FD /* BZExtensions */ = {
			isa = PBXGroup;
			children = (
				CECCEFFC1C91F9EC000C12FD /* BZAnimation.h */,
				CECCEFFD1C91F9EC000C12FD /* BZAnimation.m */,
				CECCEFFE1C91F9EC000C12FD /* BZExtensionsManager.h */,
				CECCEFFF1C91F9EC000C12FD /* BZExtensionsManager.m */,
				CECCF0001C91F9EC000C12FD /* BZPageView.h */,
				CECCF0011C91F9EC000C12FD /* BZPageView.m */,
				CECCF0021C91F9EC000C12FD /* BZURLSession.h */,
				CECCF0031C91F9EC000C12FD /* BZURLSession.m */,
				CECCF0081C91F9EC000C12FD /* NSArray+BZExtensions.h */,
				CECCF0091C91F9EC000C12FD /* NSArray+BZExtensions.m */,
				CECCF00A1C91F9EC000C12FD /* NSDictionary+BZExtensions.h */,
				CECCF00B1C91F9EC000C12FD /* NSDictionary+BZExtensions.m */,
				CECCF00C1C91F9EC000C12FD /* NSObject+BZExtensions.h */,
				CECCF00D1C91F9EC000C12FD /* NSObject+BZExtensions.m */,
				CECCF00E1C91F9EC000C12FD /* Reachability.h */,
				CECCF00F1C91F9EC000C12FD /* Reachability.m */,
				CECCF0101C91F9EC000C12FD /* SMPageControl.h */,
				CECCF0111C91F9EC000C12FD /* SMPageControl.m */,
				CECCF0121C91F9EC000C12FD /* UIColor+BZExtensions.h */,
				CECCF0131C91F9EC000C12FD /* UIColor+BZExtensions.m */,
				CECCF0141C91F9EC000C12FD /* UIImage+BZExtensions.h */,
				CECCF0151C91F9EC000C12FD /* UIImage+BZExtensions.m */,
				CECCF0161C91F9EC000C12FD /* UIView+BZExtensions.h */,
				CECCF0171C91F9EC000C12FD /* UIView+BZExtensions.m */,
				CECCF0421C920C36000C12FD /* BZScope.h */,
			);
			path = BZExtensions;
			sourceTree = "<group>";
		};
		CECCF0181C91F9EC000C12FD /* cells */ = {
			isa = PBXGroup;
			children = (
				CECCF0191C91F9EC000C12FD /* RepositoriesCell.h */,
				CECCF01A1C91F9EC000C12FD /* RepositoriesCell.m */,
				CECCF01B1C91F9EC000C12FD /* SubscriberCell.h */,
				CECCF01C1C91F9EC000C12FD /* SubscriberCell.m */,
			);
			path = cells;
			sourceTree = "<group>";
		};
		CECCF01D1C91F9EC000C12FD /* controllers */ = {
			isa = PBXGroup;
			children = (
				CECCF01E1C91F9EC000C12FD /* MainVC.h */,
				CECCF01F1C91F9EC000C12FD /* MainVC.m */,
				CECCF0201C91F9EC000C12FD /* SubscribersVC.h */,
				CECCF0211C91F9EC000C12FD /* SubscribersVC.m */,
			);
			path = controllers;
			sourceTree = "<group>";
		};
		CECCF0221C91F9EC000C12FD /* models */ = {
			isa = PBXGroup;
			children = (
				CECCF0231C91F9EC000C12FD /* Repository.h */,
				CECCF0241C91F9EC000C12FD /* Repository.m */,
				CECCF0251C91F9EC000C12FD /* Subscriber.h */,
				CECCF0261C91F9EC000C12FD /* Subscriber.m */,
				CECCF0271C91F9EC000C12FD /* UserService.h */,
				CECCF0281C91F9EC000C12FD /* UserService.m */,
			);
			path = models;
			sourceTree = "<group>";
		};
		CEEFB0161C90C7940000CA93 = {
			isa = PBXGroup;
			children = (
				CE7D9DEF1C9148BC00F43D1B /* Default-568h@2x.png */,
				CEEFB0211C90C7940000CA93 /* GithubClient */,
				CEEFB03E1C90C7950000CA93 /* GithubClientTests */,
				CEEFB0491C90C7950000CA93 /* GithubClientUITests */,
				CEEFB0201C90C7940000CA93 /* Products */,
			);
			sourceTree = "<group>";
		};
		CEEFB0201C90C7940000CA93 /* Products */ = {
			isa = PBXGroup;
			children = (
				CEEFB01F1C90C7940000CA93 /* GithubClient.app */,
				CEEFB03B1C90C7950000CA93 /* GithubClientTests.xctest */,
				CEEFB0461C90C7950000CA93 /* GithubClientUITests.xctest */,
			);
			name = Products;
			sourceTree = "<group>";
		};
		CEEFB0211C90C7940000CA93 /* GithubClient */ = {
			isa = PBXGroup;
			children = (
				CECCEFFB1C91F9EC000C12FD /* BZExtensions */,
				CECCF0181C91F9EC000C12FD /* cells */,
				CECCF01D1C91F9EC000C12FD /* controllers */,
				CECCF0221C91F9EC000C12FD /* models */,
				CEEFB0581C90C8EA0000CA93 /* AppDelegate.h */,
				CEEFB0591C90C8EA0000CA93 /* AppDelegate.m */,
				CEEFB0831C90C8EA0000CA93 /* images */,
				CEEFB0311C90C7940000CA93 /* Assets.xcassets */,
				CEEFB0361C90C7940000CA93 /* Info.plist */,
				CEEFB02E1C90C7940000CA93 /* GithubClient.xcdatamodeld */,
				CEEFB0221C90C7940000CA93 /* Supporting Files */,
			);
			path = GithubClient;
			sourceTree = "<group>";
		};
		CEEFB0221C90C7940000CA93 /* Supporting Files */ = {
			isa = PBXGroup;
			children = (
				CEEFB0231C90C7940000CA93 /* main.m */,
			);
			name = "Supporting Files";
			sourceTree = "<group>";
		};
		CEEFB03E1C90C7950000CA93 /* GithubClientTests */ = {
			isa = PBXGroup;
			children = (
				CEEFB03F1C90C7950000CA93 /* GithubClientTests.m */,
				CEEFB0411C90C7950000CA93 /* Info.plist */,
			);
			path = GithubClientTests;
			sourceTree = "<group>";
		};
		CEEFB0491C90C7950000CA93 /* GithubClientUITests */ = {
			isa = PBXGroup;
			children = (
				CEEFB04A1C90C7950000CA93 /* GithubClientUITests.m */,
				CEEFB04C1C90C7950000CA93 /* Info.plist */,
			);
			path = GithubClientUITests;
			sourceTree = "<group>";
		};
		CEEFB0831C90C8EA0000CA93 /* images */ = {
			isa = PBXGroup;
			children = (
				CEEFB0841C90C8EA0000CA93 /* backArrow@1x.png */,
				CEEFB0851C90C8EA0000CA93 /* backArrow@2x.png */,
				CEEFB0861C90C8EA0000CA93 /* github_fork@1x.png */,
				CEEFB0871C90C8EA0000CA93 /* github_fork@2x.png */,
				CEEFB0881C90C8EA0000CA93 /* github_icon@1x.png */,
				CEEFB0891C90C8EA0000CA93 /* github_icon@2x.png */,
			);
			path = images;
			sourceTree = "<group>";
		};
/* End PBXGroup section */

/* Begin PBXNativeTarget section */
		CEEFB01E1C90C7940000CA93 /* GithubClient */ = {
			isa = PBXNativeTarget;
			buildConfigurationList = CEEFB04F1C90C7950000CA93 /* Build configuration list for PBXNativeTarget "GithubClient" */;
			buildPhases = (
				CEEFB01B1C90C7940000CA93 /* Sources */,
				CEEFB01C1C90C7940000CA93 /* Frameworks */,
				CEEFB01D1C90C7940000CA93 /* Resources */,
			);
			buildRules = (
			);
			dependencies = (
			);
			name = GithubClient;
			productName = GithubClient;
			productReference = CEEFB01F1C90C7940000CA93 /* GithubClient.app */;
			productType = "com.apple.product-type.application";
		};
		CEEFB03A1C90C7950000CA93 /* GithubClientTests */ = {
			isa = PBXNativeTarget;
			buildConfigurationList = CEEFB0521C90C7950000CA93 /* Build configuration list for PBXNativeTarget "GithubClientTests" */;
			buildPhases = (
				CEEFB0371C90C7950000CA93 /* Sources */,
				CEEFB0381C90C7950000CA93 /* Frameworks */,
				CEEFB0391C90C7950000CA93 /* Resources */,
			);
			buildRules = (
			);
			dependencies = (
				CEEFB03D1C90C7950000CA93 /* PBXTargetDependency */,
			);
			name = GithubClientTests;
			productName = GithubClientTests;
			productReference = CEEFB03B1C90C7950000CA93 /* GithubClientTests.xctest */;
			productType = "com.apple.product-type.bundle.unit-test";
		};
		CEEFB0451C90C7950000CA93 /* GithubClientUITests */ = {
			isa = PBXNativeTarget;
			buildConfigurationList = CEEFB0551C90C7950000CA93 /* Build configuration list for PBXNativeTarget "GithubClientUITests" */;
			buildPhases = (
				CEEFB0421C90C7950000CA93 /* Sources */,
				CEEFB0431C90C7950000CA93 /* Frameworks */,
				CEEFB0441C90C7950000CA93 /* Resources */,
			);
			buildRules = (
			);
			dependencies = (
				CEEFB0481C90C7950000CA93 /* PBXTargetDependency */,
			);
			name = GithubClientUITests;
			productName = GithubClientUITests;
			productReference = CEEFB0461C90C7950000CA93 /* GithubClientUITests.xctest */;
			productType = "com.apple.product-type.bundle.ui-testing";
		};
/* End PBXNativeTarget section */

/* Begin PBXProject section */
		CEEFB0171C90C7940000CA93 /* Project object */ = {
			isa = PBXProject;
			attributes = {
				LastUpgradeCheck = 0720;
				ORGANIZATIONNAME = BZ;
				TargetAttributes = {
					CEEFB01E1C90C7940000CA93 = {
						CreatedOnToolsVersion = 7.2;
						DevelopmentTeam = MR5E9K3P87;
					};
					CEEFB03A1C90C7950000CA93 = {
						CreatedOnToolsVersion = 7.2;
						DevelopmentTeam = MR5E9K3P87;
						TestTargetID = CEEFB01E1C90C7940000CA93;
					};
					CEEFB0451C90C7950000CA93 = {
						CreatedOnToolsVersion = 7.2;
						DevelopmentTeam = MR5E9K3P87;
						TestTargetID = CEEFB01E1C90C7940000CA93;
					};
				};
			};
			buildConfigurationList = CEEFB01A1C90C7940000CA93 /* Build configuration list for PBXProject "GithubClient" */;
			compatibilityVersion = "Xcode 3.2";
			developmentRegion = English;
			hasScannedForEncodings = 0;
			knownRegions = (
				en,
				Base,
			);
			mainGroup = CEEFB0161C90C7940000CA93;
			productRefGroup = CEEFB0201C90C7940000CA93 /* Products */;
			projectDirPath = "";
			projectRoot = "";
			targets = (
				CEEFB01E1C90C7940000CA93 /* GithubClient */,
				CEEFB03A1C90C7950000CA93 /* GithubClientTests */,
				CEEFB0451C90C7950000CA93 /* GithubClientUITests */,
			);
		};
/* End PBXProject section */

/* Begin PBXResourcesBuildPhase section */
		CEEFB01D1C90C7940000CA93 /* Resources */ = {
			isa = PBXResourcesBuildPhase;
			buildActionMask = 2147483647;
			files = (
				CEEFB0A51C90C8EA0000CA93 /* backArrow@2x.png in Resources */,
				CEEFB0A41C90C8EA0000CA93 /* backArrow@1x.png in Resources */,
				CEEFB0A61C90C8EA0000CA93 /* github_fork@1x.png in Resources */,
				CEEFB0A81C90C8EA0000CA93 /* github_icon@1x.png in Resources */,
				CEEFB0A91C90C8EA0000CA93 /* github_icon@2x.png in Resources */,
				CE7D9DF01C9148BC00F43D1B /* Default-568h@2x.png in Resources */,
				CEEFB0321C90C7940000CA93 /* Assets.xcassets in Resources */,
				CEEFB0A71C90C8EA0000CA93 /* github_fork@2x.png in Resources */,
			);
			runOnlyForDeploymentPostprocessing = 0;
		};
		CEEFB0391C90C7950000CA93 /* Resources */ = {
			isa = PBXResourcesBuildPhase;
			buildActionMask = 2147483647;
			files = (
			);
			runOnlyForDeploymentPostprocessing = 0;
		};
		CEEFB0441C90C7950000CA93 /* Resources */ = {
			isa = PBXResourcesBuildPhase;
			buildActionMask = 2147483647;
			files = (
			);
			runOnlyForDeploymentPostprocessing = 0;
		};
/* End PBXResourcesBuildPhase section */

/* Begin PBXSourcesBuildPhase section */
		CEEFB01B1C90C7940000CA93 /* Sources */ = {
			isa = PBXSourcesBuildPhase;
			buildActionMask = 2147483647;
			files = (
				CECCF0351C91F9EC000C12FD /* UIView+BZExtensions.m in Sources */,
				CECCF0381C91F9EC000C12FD /* MainVC.m in Sources */,
				CECCF03C1C91F9EC000C12FD /* UserService.m in Sources */,
				CECCF02E1C91F9EC000C12FD /* NSArray+BZExtensions.m in Sources */,
				CECCF0361C91F9EC000C12FD /* RepositoriesCell.m in Sources */,
				CECCF02F1C91F9EC000C12FD /* NSDictionary+BZExtensions.m in Sources */,
				CECCF0301C91F9EC000C12FD /* NSObject+BZExtensions.m in Sources */,
				CECCF03B1C91F9EC000C12FD /* Subscriber.m in Sources */,
				CECCF03A1C91F9EC000C12FD /* Repository.m in Sources */,
				CECCF0291C91F9EC000C12FD /* BZAnimation.m in Sources */,
				CECCF0321C91F9EC000C12FD /* SMPageControl.m in Sources */,
				CECCF02B1C91F9EC000C12FD /* BZPageView.m in Sources */,
				CECCF0371C91F9EC000C12FD /* SubscriberCell.m in Sources */,
				CECCF0331C91F9EC000C12FD /* UIColor+BZExtensions.m in Sources */,
				CECCF02C1C91F9EC000C12FD /* BZURLSession.m in Sources */,
				CEEFB0241C90C7940000CA93 /* main.m in Sources */,
				CEEFB0301C90C7940000CA93 /* GithubClient.xcdatamodeld in Sources */,
				CEEFB0911C90C8EA0000CA93 /* AppDelegate.m in Sources */,
				CECCF0341C91F9EC000C12FD /* UIImage+BZExtensions.m in Sources */,
				CECCF0311C91F9EC000C12FD /* Reachability.m in Sources */,
				CECCF0391C91F9EC000C12FD /* SubscribersVC.m in Sources */,
				CECCF02A1C91F9EC000C12FD /* BZExtensionsManager.m in Sources */,
			);
			runOnlyForDeploymentPostprocessing = 0;
		};
		CEEFB0371C90C7950000CA93 /* Sources */ = {
			isa = PBXSourcesBuildPhase;
			buildActionMask = 2147483647;
			files = (
				CEEFB0401C90C7950000CA93 /* GithubClientTests.m in Sources */,
			);
			runOnlyForDeploymentPostprocessing = 0;
		};
		CEEFB0421C90C7950000CA93 /* Sources */ = {
			isa = PBXSourcesBuildPhase;
			buildActionMask = 2147483647;
			files = (
				CEEFB04B1C90C7950000CA93 /* GithubClientUITests.m in Sources */,
			);
			runOnlyForDeploymentPostprocessing = 0;
		};
/* End PBXSourcesBuildPhase section */

/* Begin PBXTargetDependency section */
		CEEFB03D1C90C7950000CA93 /* PBXTargetDependency */ = {
			isa = PBXTargetDependency;
			target = CEEFB01E1C90C7940000CA93 /* GithubClient */;
			targetProxy = CEEFB03C1C90C7950000CA93 /* PBXContainerItemProxy */;
		};
		CEEFB0481C90C7950000CA93 /* PBXTargetDependency */ = {
			isa = PBXTargetDependency;
			target = CEEFB01E1C90C7940000CA93 /* GithubClient */;
			targetProxy = CEEFB0471C90C7950000CA93 /* PBXContainerItemProxy */;
		};
/* End PBXTargetDependency section */

/* Begin XCBuildConfiguration section */
		CEEFB04D1C90C7950000CA93 /* Debug */ = {
			isa = XCBuildConfiguration;
			buildSettings = {
				ALWAYS_SEARCH_USER_PATHS = NO;
				CLANG_CXX_LANGUAGE_STANDARD = "gnu++0x";
				CLANG_CXX_LIBRARY = "libc++";
				CLANG_ENABLE_MODULES = YES;
				CLANG_ENABLE_OBJC_ARC = YES;
				CLANG_WARN_BOOL_CONVERSION = YES;
				CLANG_WARN_CONSTANT_CONVERSION = YES;
				CLANG_WARN_DIRECT_OBJC_ISA_USAGE = YES_ERROR;
				CLANG_WARN_EMPTY_BODY = YES;
				CLANG_WARN_ENUM_CONVERSION = YES;
				CLANG_WARN_INT_CONVERSION = YES;
				CLANG_WARN_OBJC_ROOT_CLASS = YES_ERROR;
				CLANG_WARN_UNREACHABLE_CODE = YES;
				CLANG_WARN__DUPLICATE_METHOD_MATCH = YES;
				"CODE_SIGN_IDENTITY[sdk=iphoneos*]" = "iPhone Developer";
				COPY_PHASE_STRIP = NO;
				DEBUG_INFORMATION_FORMAT = dwarf;
				ENABLE_STRICT_OBJC_MSGSEND = YES;
				ENABLE_TESTABILITY = YES;
				GCC_C_LANGUAGE_STANDARD = gnu99;
				GCC_DYNAMIC_NO_PIC = NO;
				GCC_NO_COMMON_BLOCKS = YES;
				GCC_OPTIMIZATION_LEVEL = 0;
				GCC_PREPROCESSOR_DEFINITIONS = (
					"DEBUG=1",
					"$(inherited)",
				);
				GCC_WARN_64_TO_32_BIT_CONVERSION = YES;
				GCC_WARN_ABOUT_RETURN_TYPE = YES_ERROR;
				GCC_WARN_UNDECLARED_SELECTOR = YES;
				GCC_WARN_UNINITIALIZED_AUTOS = YES_AGGRESSIVE;
				GCC_WARN_UNUSED_FUNCTION = YES;
				GCC_WARN_UNUSED_VARIABLE = YES;
				IPHONEOS_DEPLOYMENT_TARGET = 9.2;
				MTL_ENABLE_DEBUG_INFO = YES;
				ONLY_ACTIVE_ARCH = YES;
				SDKROOT = iphoneos;
			};
			name = Debug;
		};
		CEEFB04E1C90C7950000CA93 /* Release */ = {
			isa = XCBuildConfiguration;
			buildSettings = {
				ALWAYS_SEARCH_USER_PATHS = NO;
				CLANG_CXX_LANGUAGE_STANDARD = "gnu++0x";
				CLANG_CXX_LIBRARY = "libc++";
				CLANG_ENABLE_MODULES = YES;
				CLANG_ENABLE_OBJC_ARC = YES;
				CLANG_WARN_BOOL_CONVERSION = YES;
				CLANG_WARN_CONSTANT_CONVERSION = YES;
				CLANG_WARN_DIRECT_OBJC_ISA_USAGE = YES_ERROR;
				CLANG_WARN_EMPTY_BODY = YES;
				CLANG_WARN_ENUM_CONVERSION = YES;
				CLANG_WARN_INT_CONVERSION = YES;
				CLANG_WARN_OBJC_ROOT_CLASS = YES_ERROR;
				CLANG_WARN_UNREACHABLE_CODE = YES;
				CLANG_WARN__DUPLICATE_METHOD_MATCH = YES;
				"CODE_SIGN_IDENTITY[sdk=iphoneos*]" = "iPhone Developer";
				COPY_PHASE_STRIP = NO;
				DEBUG_INFORMATION_FORMAT = "dwarf-with-dsym";
				ENABLE_NS_ASSERTIONS = NO;
				ENABLE_STRICT_OBJC_MSGSEND = YES;
				GCC_C_LANGUAGE_STANDARD = gnu99;
				GCC_NO_COMMON_BLOCKS = YES;
				GCC_WARN_64_TO_32_BIT_CONVERSION = YES;
				GCC_WARN_ABOUT_RETURN_TYPE = YES_ERROR;
				GCC_WARN_UNDECLARED_SELECTOR = YES;
				GCC_WARN_UNINITIALIZED_AUTOS = YES_AGGRESSIVE;
				GCC_WARN_UNUSED_FUNCTION = YES;
				GCC_WARN_UNUSED_VARIABLE = YES;
				IPHONEOS_DEPLOYMENT_TARGET = 9.2;
				MTL_ENABLE_DEBUG_INFO = NO;
				SDKROOT = iphoneos;
				VALIDATE_PRODUCT = YES;
			};
			name = Release;
		};
		CEEFB0501C90C7950000CA93 /* Debug */ = {
			isa = XCBuildConfiguration;
			buildSettings = {
				ASSETCATALOG_COMPILER_APPICON_NAME = AppIcon;
				INFOPLIST_FILE = GithubClient/Info.plist;
				LD_RUNPATH_SEARCH_PATHS = "$(inherited) @executable_path/Frameworks";
				PRODUCT_BUNDLE_IDENTIFIER = BZ.GithubClient;
				PRODUCT_NAME = "$(TARGET_NAME)";
			};
			name = Debug;
		};
		CEEFB0511C90C7950000CA93 /* Release */ = {
			isa = XCBuildConfiguration;
			buildSettings = {
				ASSETCATALOG_COMPILER_APPICON_NAME = AppIcon;
				INFOPLIST_FILE = GithubClient/Info.plist;
				LD_RUNPATH_SEARCH_PATHS = "$(inherited) @executable_path/Frameworks";
				PRODUCT_BUNDLE_IDENTIFIER = BZ.GithubClient;
				PRODUCT_NAME = "$(TARGET_NAME)";
			};
			name = Release;
		};
		CEEFB0531C90C7950000CA93 /* Debug */ = {
			isa = XCBuildConfiguration;
			buildSettings = {
				BUNDLE_LOADER = "$(TEST_HOST)";
				INFOPLIST_FILE = GithubClientTests/Info.plist;
				LD_RUNPATH_SEARCH_PATHS = "$(inherited) @executable_path/Frameworks @loader_path/Frameworks";
				PRODUCT_BUNDLE_IDENTIFIER = BZ.GithubClientTests;
				PRODUCT_NAME = "$(TARGET_NAME)";
				TEST_HOST = "$(BUILT_PRODUCTS_DIR)/GithubClient.app/GithubClient";
			};
			name = Debug;
		};
		CEEFB0541C90C7950000CA93 /* Release */ = {
			isa = XCBuildConfiguration;
			buildSettings = {
				BUNDLE_LOADER = "$(TEST_HOST)";
				INFOPLIST_FILE = GithubClientTests/Info.plist;
				LD_RUNPATH_SEARCH_PATHS = "$(inherited) @executable_path/Frameworks @loader_path/Frameworks";
				PRODUCT_BUNDLE_IDENTIFIER = BZ.GithubClientTests;
				PRODUCT_NAME = "$(TARGET_NAME)";
				TEST_HOST = "$(BUILT_PRODUCTS_DIR)/GithubClient.app/GithubClient";
			};
			name = Release;
		};
		CEEFB0561C90C7950000CA93 /* Debug */ = {
			isa = XCBuildConfiguration;
			buildSettings = {
				INFOPLIST_FILE = GithubClientUITests/Info.plist;
				LD_RUNPATH_SEARCH_PATHS = "$(inherited) @executable_path/Frameworks @loader_path/Frameworks";
				PRODUCT_BUNDLE_IDENTIFIER = BZ.GithubClientUITests;
				PRODUCT_NAME = "$(TARGET_NAME)";
				TEST_TARGET_NAME = GithubClient;
				USES_XCTRUNNER = YES;
			};
			name = Debug;
		};
		CEEFB0571C90C7950000CA93 /* Release */ = {
			isa = XCBuildConfiguration;
			buildSettings = {
				INFOPLIST_FILE = GithubClientUITests/Info.plist;
				LD_RUNPATH_SEARCH_PATHS = "$(inherited) @executable_path/Frameworks @loader_path/Frameworks";
				PRODUCT_BUNDLE_IDENTIFIER = BZ.GithubClientUITests;
				PRODUCT_NAME = "$(TARGET_NAME)";
				TEST_TARGET_NAME = GithubClient;
				USES_XCTRUNNER = YES;
			};
			name = Release;
		};
/* End XCBuildConfiguration section */

/* Begin XCConfigurationList section */
		CEEFB01A1C90C7940000CA93 /* Build configuration list for PBXProject "GithubClient" */ = {
			isa = XCConfigurationList;
			buildConfigurations = (
				CEEFB04D1C90C7950000CA93 /* Debug */,
				CEEFB04E1C90C7950000CA93 /* Release */,
			);
			defaultConfigurationIsVisible = 0;
			defaultConfigurationName = Release;
		};
		CEEFB04F1C90C7950000CA93 /* Build configuration list for PBXNativeTarget "GithubClient" */ = {
			isa = XCConfigurationList;
			buildConfigurations = (
				CEEFB0501C90C7950000CA93 /* Debug */,
				CEEFB0511C90C7950000CA93 /* Release */,
			);
			defaultConfigurationIsVisible = 0;
			defaultConfigurationName = Release;
		};
		CEEFB0521C90C7950000CA93 /* Build configuration list for PBXNativeTarget "GithubClientTests" */ = {
			isa = XCConfigurationList;
			buildConfigurations = (
				CEEFB0531C90C7950000CA93 /* Debug */,
				CEEFB0541C90C7950000CA93 /* Release */,
			);
			defaultConfigurationIsVisible = 0;
			defaultConfigurationName = Release;
		};
		CEEFB0551C90C7950000CA93 /* Build configuration list for PBXNativeTarget "GithubClientUITests" */ = {
			isa = XCConfigurationList;
			buildConfigurations = (
				CEEFB0561C90C7950000CA93 /* Debug */,
				CEEFB0571C90C7950000CA93 /* Release */,
			);
			defaultConfigurationIsVisible = 0;
			defaultConfigurationName = Release;
		};
/* End XCConfigurationList section */

/* Begin XCVersionGroup section */
		CEEFB02E1C90C7940000CA93 /* GithubClient.xcdatamodeld */ = {
			isa = XCVersionGroup;
			children = (
				CEEFB02F1C90C7940000CA93 /* GithubClient.xcdatamodel */,
			);
			currentVersion = CEEFB02F1C90C7940000CA93 /* GithubClient.xcdatamodel */;
			path = GithubClient.xcdatamodeld;
			sourceTree = "<group>";
			versionGroupType = wrapper.xcdatamodel;
		};
/* End XCVersionGroup section */
	};
	rootObject = CEEFB0171C90C7940000CA93 /* Project object */;
}
